
Microsoft Visual Studio Solution File, Format Version 12.00
# Visual Studio Version 16
VisualStudioVersion = 16.0.29326.143
MinimumVisualStudioVersion = 10.0.40219.1
Project("{FAE04EC0-301F-11D3-BF4B-00C04F79EFBC}") = "01. LoopsIntroduction", "01. LoopsIntroduction\01. LoopsIntroduction.csproj", "{4C5A702B-1475-4A79-BBF1-71BE158F6301}"
EndProject
Project("{FAE04EC0-301F-11D3-BF4B-00C04F79EFBC}") = "02. WhileLoop", "02. WhileLoop\02. WhileLoop.csproj", "{D83D7712-5D96-452D-A845-74059F22DE6D}"
EndProject
Project("{FAE04EC0-301F-11D3-BF4B-00C04F79EFBC}") = "03. WhileGame", "03. WhileGame\03. WhileGame.csproj", "{65D0F389-43D7-4CC8-A716-D72FE26C46D2}"
EndProject
Project("{FAE04EC0-301F-11D3-BF4B-00C04F79EFBC}") = "04. DoWhileLoop", "04. DoWhileLoop\04. DoWhileLoop.csproj", "{9195DE04-49C4-4BD9-9BF6-313A9ED1F4DD}"
EndProject
Project("{FAE04EC0-301F-11D3-BF4B-00C04F79EFBC}") = "05. ForLoops", "05. ForLoops\05. ForLoops.csproj", "{197CC148-3CD2-4882-99B8-8D260E39664E}"
EndProject
Project("{FAE04EC0-301F-11D3-BF4B-00C04F79EFBC}") = "06. ForLoopsPractice", "06. ForLoopsPractice\06. ForLoopsPractice.csproj", "{F359F0F2-B279-429E-872D-63539B578A98}"
EndProject
Project("{FAE04EC0-301F-11D3-BF4B-00C04F79EFBC}") = "07. ForEachLoop", "07. ForEachLoop\07. ForEachLoop.csproj", "{A1AACF1B-1C71-4B31-90E4-68A78CC4FAA2}"
EndProject
Project("{FAE04EC0-301F-11D3-BF4B-00C04F79EFBC}") = "08. NestedLoops", "08. NestedLoops\08. NestedLoops.csproj", "{8C649E7B-B6FB-4772-B98D-00216E778E54}"
EndProject
Project("{FAE04EC0-301F-11D3-BF4B-00C04F79EFBC}") = "09. NestedLoopsPractice", "09. NestedLoopsPractice\09. NestedLoopsPractice.csproj", "{242E9112-3218-4F07-B6B6-F4F7955AE561}"
EndProject
Global
	GlobalSection(SolutionConfigurationPlatforms) = preSolution
		Debug|Any CPU = Debug|Any CPU
		Release|Any CPU = Release|Any CPU
	EndGlobalSection
	GlobalSection(ProjectConfigurationPlatforms) = postSolution
		{4C5A702B-1475-4A79-BBF1-71BE158F6301}.Debug|Any CPU.ActiveCfg = Debug|Any CPU
		{4C5A702B-1475-4A79-BBF1-71BE158F6301}.Debug|Any CPU.Build.0 = Debug|Any CPU
		{4C5A702B-1475-4A79-BBF1-71BE158F6301}.Release|Any CPU.ActiveCfg = Release|Any CPU
		{4C5A702B-1475-4A79-BBF1-71BE158F6301}.Release|Any CPU.Build.0 = Release|Any CPU
		{D83D7712-5D96-452D-A845-74059F22DE6D}.Debug|Any CPU.ActiveCfg = Debug|Any CPU
		{D83D7712-5D96-452D-A845-74059F22DE6D}.Debug|Any CPU.Build.0 = Debug|Any CPU
		{D83D7712-5D96-452D-A845-74059F22DE6D}.Release|Any CPU.ActiveCfg = Release|Any CPU
		{D83D7712-5D96-452D-A845-74059F22DE6D}.Release|Any CPU.Build.0 = Release|Any CPU
		{65D0F389-43D7-4CC8-A716-D72FE26C46D2}.Debug|Any CPU.ActiveCfg = Debug|Any CPU
		{65D0F389-43D7-4CC8-A716-D72FE26C46D2}.Debug|Any CPU.Build.0 = Debug|Any CPU
		{65D0F389-43D7-4CC8-A716-D72FE26C46D2}.Release|Any CPU.ActiveCfg = Release|Any CPU
		{65D0F389-43D7-4CC8-A716-D72FE26C46D2}.Release|Any CPU.Build.0 = Release|Any CPU
		{9195DE04-49C4-4BD9-9BF6-313A9ED1F4DD}.Debug|Any CPU.ActiveCfg = Debug|Any CPU
		{9195DE04-49C4-4BD9-9BF6-313A9ED1F4DD}.Debug|Any CPU.Build.0 = Debug|Any CPU
		{9195DE04-49C4-4BD9-9BF6-313A9ED1F4DD}.Release|Any CPU.ActiveCfg = Release|Any CPU
		{9195DE04-49C4-4BD9-9BF6-313A9ED1F4DD}.Release|Any CPU.Build.0 = Release|Any CPU
		{197CC148-3CD2-4882-99B8-8D260E39664E}.Debug|Any CPU.ActiveCfg = Debug|Any CPU
		{197CC148-3CD2-4882-99B8-8D260E39664E}.Debug|Any CPU.Build.0 = Debug|Any CPU
		{197CC148-3CD2-4882-99B8-8D260E39664E}.Release|Any CPU.ActiveCfg = Release|Any CPU
		{197CC148-3CD2-4882-99B8-8D260E39664E}.Release|Any CPU.Build.0 = Release|Any CPU
		{F359F0F2-B279-429E-872D-63539B578A98}.Debug|Any CPU.ActiveCfg = Debug|Any CPU
		{F359F0F2-B279-429E-872D-63539B578A98}.Debug|Any CPU.Build.0 = Debug|Any CPU
		{F359F0F2-B279-429E-872D-63539B578A98}.Release|Any CPU.ActiveCfg = Release|Any CPU
		{F359F0F2-B279-429E-872D-63539B578A98}.Release|Any CPU.Build.0 = Release|Any CPU
		{A1AACF1B-1C71-4B31-90E4-68A78CC4FAA2}.Debug|Any CPU.ActiveCfg = Debug|Any CPU
		{A1AACF1B-1C71-4B31-90E4-68A78CC4FAA2}.Debug|Any CPU.Build.0 = Debug|Any CPU
		{A1AACF1B-1C71-4B31-90E4-68A78CC4FAA2}.Release|Any CPU.ActiveCfg = Release|Any CPU
		{A1AACF1B-1C71-4B31-90E4-68A78CC4FAA2}.Release|Any CPU.Build.0 = Release|Any CPU
		{8C649E7B-B6FB-4772-B98D-00216E778E54}.Debug|Any CPU.ActiveCfg = Debug|Any CPU
		{8C649E7B-B6FB-4772-B98D-00216E778E54}.Debug|Any CPU.Build.0 = Debug|Any CPU
		{8C649E7B-B6FB-4772-B98D-00216E778E54}.Release|Any CPU.ActiveCfg = Release|Any CPU
		{8C649E7B-B6FB-4772-B98D-00216E778E54}.Release|Any CPU.Build.0 = Release|Any CPU
		{242E9112-3218-4F07-B6B6-F4F7955AE561}.Debug|Any CPU.ActiveCfg = Debug|Any CPU
		{242E9112-3218-4F07-B6B6-F4F7955AE561}.Debug|Any CPU.Build.0 = Debug|Any CPU
		{242E9112-3218-4F07-B6B6-F4F7955AE561}.Release|Any CPU.ActiveCfg = Release|Any CPU
		{242E9112-3218-4F07-B6B6-F4F7955AE561}.Release|Any CPU.Build.0 = Release|Any CPU
	EndGlobalSection
	GlobalSection(SolutionProperties) = preSolution
		HideSolutionNode = FALSE
	EndGlobalSection
	GlobalSection(ExtensibilityGlobals) = postSolution
		SolutionGuid = {57C8E665-6523-40C3-B464-9F7F210B14B0}
	EndGlobalSection
EndGlobal
